
Microsoft Visual Studio Solution File, Format Version 12.00
Project("{2150E333-8FDC-42A3-9474-1A3956D46DE8}") = "src", "src", "{D835B013-7006-438F-B573-215852AF3E2A}"
EndProject
Project("{2150E333-8FDC-42A3-9474-1A3956D46DE8}") = "tests", "tests", "{060FD562-51DB-43A8-931D-CC2467FB42A0}"
EndProject
Project("{FAE04EC0-301F-11D3-BF4B-00C04F79EFBC}") = "Domain", "Domain\Domain.csproj", "{EC1B435B-BADA-42F3-B7B4-2B2E8C8BE714}"
EndProject
Project("{FAE04EC0-301F-11D3-BF4B-00C04F79EFBC}") = "Infrastructure", "Infrastructure\Infrastructure.csproj", "{5E1C3BB0-F9CA-4EA4-94F1-3F7710B50070}"
EndProject
Project("{FAE04EC0-301F-11D3-BF4B-00C04F79EFBC}") = "Application", "Application\Application.csproj", "{7BBE9AED-0405-4703-A1EF-96E4C85F7249}"
EndProject
Project("{FAE04EC0-301F-11D3-BF4B-00C04F79EFBC}") = "Api", "Api\Api.csproj", "{219A56B5-F3E3-462D-B64F-2A910C233E46}"
EndProject
Project("{FAE04EC0-301F-11D3-BF4B-00C04F79EFBC}") = "Api.Tests.Integration", "Api.Tests.Integration\Api.Tests.Integration.csproj", "{64ACECF1-8D01-4D2D-80BA-D50201CC9DE8}"
EndProject
Project("{FAE04EC0-301F-11D3-BF4B-00C04F79EFBC}") = "Tests.Common", "Tests.Common\Tests.Common.csproj", "{A26E5091-EE3A-48B8-9E9B-6E87CA75F58F}"
EndProject
Project("{FAE04EC0-301F-11D3-BF4B-00C04F79EFBC}") = "Test.Data", "Test.Data\Test.Data.csproj", "{E83FD918-69E5-41F4-923C-FB056493DC54}"
EndProject
Global
	GlobalSection(SolutionConfigurationPlatforms) = preSolution
		Debug|Any CPU = Debug|Any CPU
		Release|Any CPU = Release|Any CPU
	EndGlobalSection
	GlobalSection(NestedProjects) = preSolution
		{EC1B435B-BADA-42F3-B7B4-2B2E8C8BE714} = {D835B013-7006-438F-B573-215852AF3E2A}
		{5E1C3BB0-F9CA-4EA4-94F1-3F7710B50070} = {D835B013-7006-438F-B573-215852AF3E2A}
		{7BBE9AED-0405-4703-A1EF-96E4C85F7249} = {D835B013-7006-438F-B573-215852AF3E2A}
		{219A56B5-F3E3-462D-B64F-2A910C233E46} = {D835B013-7006-438F-B573-215852AF3E2A}
		{64ACECF1-8D01-4D2D-80BA-D50201CC9DE8} = {060FD562-51DB-43A8-931D-CC2467FB42A0}
		{A26E5091-EE3A-48B8-9E9B-6E87CA75F58F} = {060FD562-51DB-43A8-931D-CC2467FB42A0}
		{E83FD918-69E5-41F4-923C-FB056493DC54} = {060FD562-51DB-43A8-931D-CC2467FB42A0}
	EndGlobalSection
	GlobalSection(ProjectConfigurationPlatforms) = postSolution
		{EC1B435B-BADA-42F3-B7B4-2B2E8C8BE714}.Debug|Any CPU.ActiveCfg = Debug|Any CPU
		{EC1B435B-BADA-42F3-B7B4-2B2E8C8BE714}.Debug|Any CPU.Build.0 = Debug|Any CPU
		{EC1B435B-BADA-42F3-B7B4-2B2E8C8BE714}.Release|Any CPU.ActiveCfg = Release|Any CPU
		{EC1B435B-BADA-42F3-B7B4-2B2E8C8BE714}.Release|Any CPU.Build.0 = Release|Any CPU
		{5E1C3BB0-F9CA-4EA4-94F1-3F7710B50070}.Debug|Any CPU.ActiveCfg = Debug|Any CPU
		{5E1C3BB0-F9CA-4EA4-94F1-3F7710B50070}.Debug|Any CPU.Build.0 = Debug|Any CPU
		{5E1C3BB0-F9CA-4EA4-94F1-3F7710B50070}.Release|Any CPU.ActiveCfg = Release|Any CPU
		{5E1C3BB0-F9CA-4EA4-94F1-3F7710B50070}.Release|Any CPU.Build.0 = Release|Any CPU
		{7BBE9AED-0405-4703-A1EF-96E4C85F7249}.Debug|Any CPU.ActiveCfg = Debug|Any CPU
		{7BBE9AED-0405-4703-A1EF-96E4C85F7249}.Debug|Any CPU.Build.0 = Debug|Any CPU
		{7BBE9AED-0405-4703-A1EF-96E4C85F7249}.Release|Any CPU.ActiveCfg = Release|Any CPU
		{7BBE9AED-0405-4703-A1EF-96E4C85F7249}.Release|Any CPU.Build.0 = Release|Any CPU
		{219A56B5-F3E3-462D-B64F-2A910C233E46}.Debug|Any CPU.ActiveCfg = Debug|Any CPU
		{219A56B5-F3E3-462D-B64F-2A910C233E46}.Debug|Any CPU.Build.0 = Debug|Any CPU
		{219A56B5-F3E3-462D-B64F-2A910C233E46}.Release|Any CPU.ActiveCfg = Release|Any CPU
		{219A56B5-F3E3-462D-B64F-2A910C233E46}.Release|Any CPU.Build.0 = Release|Any CPU
		{64ACECF1-8D01-4D2D-80BA-D50201CC9DE8}.Debug|Any CPU.ActiveCfg = Debug|Any CPU
		{64ACECF1-8D01-4D2D-80BA-D50201CC9DE8}.Debug|Any CPU.Build.0 = Debug|Any CPU
		{64ACECF1-8D01-4D2D-80BA-D50201CC9DE8}.Release|Any CPU.ActiveCfg = Release|Any CPU
		{64ACECF1-8D01-4D2D-80BA-D50201CC9DE8}.Release|Any CPU.Build.0 = Release|Any CPU
		{A26E5091-EE3A-48B8-9E9B-6E87CA75F58F}.Debug|Any CPU.ActiveCfg = Debug|Any CPU
		{A26E5091-EE3A-48B8-9E9B-6E87CA75F58F}.Debug|Any CPU.Build.0 = Debug|Any CPU
		{A26E5091-EE3A-48B8-9E9B-6E87CA75F58F}.Release|Any CPU.ActiveCfg = Release|Any CPU
		{A26E5091-EE3A-48B8-9E9B-6E87CA75F58F}.Release|Any CPU.Build.0 = Release|Any CPU
		{E83FD918-69E5-41F4-923C-FB056493DC54}.Debug|Any CPU.ActiveCfg = Debug|Any CPU
		{E83FD918-69E5-41F4-923C-FB056493DC54}.Debug|Any CPU.Build.0 = Debug|Any CPU
		{E83FD918-69E5-41F4-923C-FB056493DC54}.Release|Any CPU.ActiveCfg = Release|Any CPU
		{E83FD918-69E5-41F4-923C-FB056493DC54}.Release|Any CPU.Build.0 = Release|Any CPU
	EndGlobalSection
EndGlobal
